
Microsoft Visual Studio Solution File, Format Version 12.00
# Visual Studio Version 17
VisualStudioVersion = 17.0.31912.275
MinimumVisualStudioVersion = 10.0.40219.1
Project("{9A19103F-16F7-4668-BE54-9A1E7A4F7556}") = "WorkoutApp", "WorkoutApp\WorkoutApp.csproj", "{B7DDCFF0-A52D-410C-9BA5-EA5296DDA7EB}"
EndProject
Project("{9A19103F-16F7-4668-BE54-9A1E7A4F7556}") = "WorkoutApp.Tests", "WorkoutApp.Tests\WorkoutApp.Tests.csproj", "{72BCF8FE-3047-41DD-ADC1-3E811FE6A0D0}"
EndProject
Global
	GlobalSection(SolutionConfigurationPlatforms) = preSolution
		Debug|Any CPU = Debug|Any CPU
		Release|Any CPU = Release|Any CPU
	EndGlobalSection
	GlobalSection(ProjectConfigurationPlatforms) = postSolution
		{B7DDCFF0-A52D-410C-9BA5-EA5296DDA7EB}.Debug|Any CPU.ActiveCfg = Debug|Any CPU
		{B7DDCFF0-A52D-410C-9BA5-EA5296DDA7EB}.Debug|Any CPU.Build.0 = Debug|Any CPU
		{B7DDCFF0-A52D-410C-9BA5-EA5296DDA7EB}.Release|Any CPU.ActiveCfg = Release|Any CPU
		{B7DDCFF0-A52D-410C-9BA5-EA5296DDA7EB}.Release|Any CPU.Build.0 = Release|Any CPU
		{72BCF8FE-3047-41DD-ADC1-3E811FE6A0D0}.Debug|Any CPU.ActiveCfg = Debug|Any CPU
		{72BCF8FE-3047-41DD-ADC1-3E811FE6A0D0}.Debug|Any CPU.Build.0 = Debug|Any CPU
		{72BCF8FE-3047-41DD-ADC1-3E811FE6A0D0}.Release|Any CPU.ActiveCfg = Release|Any CPU
		{72BCF8FE-3047-41DD-ADC1-3E811FE6A0D0}.Release|Any CPU.Build.0 = Release|Any CPU
	EndGlobalSection
	GlobalSection(SolutionProperties) = preSolution
		HideSolutionNode = FALSE
	EndGlobalSection
	GlobalSection(ExtensibilityGlobals) = postSolution
		SolutionGuid = {647A062F-5D55-4C6F-897F-95E1BA3E2895}
	EndGlobalSection
EndGlobal
